Microsoft Visual Studio Solution File, Format Version 12.00
# Visual Studio Version 17
VisualStudioVersion = 17.0.31903.59
MinimumVisualStudioVersion = 10.0.40219.1
Project("{FAE04EC0-301F-11D3-BF4B-00C04F79EFBC}") = "CitizenEngagementPortal.Web", "AspDotNetCorePortal\CitizenEngagementPortal.Web\CitizenEngagementPortal.Web.csproj", "{834DC155-73C2-AC9B-E4E4-BEB68224256E}"
EndProject
Global
	GlobalSection(SolutionConfigurationPlatforms) = preSolution
		Debug|Any CPU = Debug|Any CPU
		Release|Any CPU = Release|Any CPU
	EndGlobalSection
	GlobalSection(ProjectConfigurationPlatforms) = postSolution
		{834DC155-73C2-AC9B-E4E4-BEB68224256E}.Debug|Any CPU.ActiveCfg = Debug|Any CPU
		{834DC155-73C2-AC9B-E4E4-BEB68224256E}.Debug|Any CPU.Build.0 = Debug|Any CPU
		{834DC155-73C2-AC9B-E4E4-BEB68224256E}.Release|Any CPU.ActiveCfg = Release|Any CPU
		{834DC155-73C2-AC9B-E4E4-BEB68224256E}.Release|Any CPU.Build.0 = Release|Any CPU
	EndGlobalSection
	GlobalSection(SolutionProperties) = preSolution
		HideSolutionNode = FALSE
	EndGlobalSection
	GlobalSection(ExtensibilityGlobals) = postSolution
		SolutionGuid = {12345678-1234-1234-1234-123456789012}
	EndGlobalSection
EndGlobal
